// !$*UTF8*$!
{
	archiveVersion = 1;
	classes = {
	};
	objectVersion = 46;
	objects = {

/* Begin PBXBuildFile section */
		A6AF22E91D98B67300B34EFE /* lc3bsim2.c in Sources */ = {isa = PBXBuildFile; fileRef = A6AF22E81D98B67300B34EFE /* lc3bsim2.c */; };
/* End PBXBuildFile section */

/* Begin PBXCopyFilesBuildPhase section */
		A6AF22E31D98B67300B34EFE /* CopyFiles */ = {
			isa = PBXCopyFilesBuildPhase;
			buildActionMask = 2147483647;
			dstPath = /usr/share/man/man1/;
			dstSubfolderSpec = 0;
			files = (
			);
			runOnlyForDeploymentPostprocessing = 1;
		};
/* End PBXCopyFilesBuildPhase section */

/* Begin PBXFileReference section */
		A6AF22E51D98B67300B34EFE /* lab2 */ = {isa = PBXFileReference; explicitFileType = "compiled.mach-o.executable"; includeInIndex = 0; path = lab2; sourceTree = BUILT_PRODUCTS_DIR; };
		A6AF22E81D98B67300B34EFE /* lc3bsim2.c */ = {isa = PBXFileReference; lastKnownFileType = sourcecode.c.c; path = lc3bsim2.c; sourceTree = "<group>"; };
		A6AF22EF1D98BA1500B34EFE /* assembler.linux */ = {isa = PBXFileReference; lastKnownFileType = file; path = assembler.linux; sourceTree = "<group>"; };
		A6AF22F01D98BA1500B34EFE /* otest1.obj */ = {isa = PBXFileReference; explicitFileType = sourcecode.asm; fileEncoding = 4; path = otest1.obj; sourceTree = "<group>"; };
		A6AF22F11D98BA1500B34EFE /* source.asm */ = {isa = PBXFileReference; lastKnownFileType = sourcecode.asm.asm; path = source.asm; sourceTree = "<group>"; };
		A6AF22F21D98BA1500B34EFE /* test1.asm */ = {isa = PBXFileReference; lastKnownFileType = sourcecode.asm.asm; path = test1.asm; sourceTree = "<group>"; };
		A6AF22F51D98BBC900B34EFE /* output.obj */ = {isa = PBXFileReference; explicitFileType = sourcecode.asm; fileEncoding = 4; path = output.obj; sourceTree = "<group>"; };
/* End PBXFileReference section */

/* Begin PBXFrameworksBuildPhase section */
		A6AF22E21D98B67300B34EFE /* Frameworks */ = {
			isa = PBXFrameworksBuildPhase;
			buildActionMask = 2147483647;
			files = (
			);
			runOnlyForDeploymentPostprocessing = 0;
		};
/* End PBXFrameworksBuildPhase section */

/* Begin PBXGroup section */
		A6AF22DC1D98B67300B34EFE = {
			isa = PBXGroup;
			children = (
				A6AF22E71D98B67300B34EFE /* lab2 */,
				A6AF22E61D98B67300B34EFE /* Products */,
			);
			sourceTree = "<group>";
		};
		A6AF22E61D98B67300B34EFE /* Products */ = {
			isa = PBXGroup;
			children = (
				A6AF22E51D98B67300B34EFE /* lab2 */,
			);
			name = Products;
			sourceTree = "<group>";
		};
		A6AF22E71D98B67300B34EFE /* lab2 */ = {
			isa = PBXGroup;
			children = (
				A6AF22F51D98BBC900B34EFE /* output.obj */,
				A6AF22EF1D98BA1500B34EFE /* assembler.linux */,
				A6AF22F11D98BA1500B34EFE /* source.asm */,
				A6AF22F21D98BA1500B34EFE /* test1.asm */,
				A6AF22F01D98BA1500B34EFE /* otest1.obj */,
				A6AF22E81D98B67300B34EFE /* lc3bsim2.c */,
			);
			path = lab2;
			sourceTree = "<group>";
		};
/* End PBXGroup section */

/* Begin PBXNativeTarget section */
		A6AF22E41D98B67300B34EFE /* lab2 */ = {
			isa = PBXNativeTarget;
			buildConfigurationList = A6AF22EC1D98B67300B34EFE /* Build configuration list for PBXNativeTarget "lab2" */;
			buildPhases = (
				A6AF22E11D98B67300B34EFE /* Sources */,
				A6AF22E21D98B67300B34EFE /* Frameworks */,
				A6AF22E31D98B67300B34EFE /* CopyFiles */,
			);
			buildRules = (
			);
			dependencies = (
			);
			name = lab2;
			productName = lab2;
			productReference = A6AF22E51D98B67300B34EFE /* lab2 */;
			productType = "com.apple.product-type.tool";
		};
/* End PBXNativeTarget section */

/* Begin PBXProject section */
		A6AF22DD1D98B67300B34EFE /* Project object */ = {
			isa = PBXProject;
			attributes = {
				LastUpgradeCheck = 0800;
				ORGANIZATIONNAME = "Dylan Weakley";
				TargetAttributes = {
					A6AF22E41D98B67300B34EFE = {
						CreatedOnToolsVersion = 8.0;
						ProvisioningStyle = Automatic;
					};
				};
			};
			buildConfigurationList = A6AF22E01D98B67300B34EFE /* Build configuration list for PBXProject "lab2" */;
			compatibilityVersion = "Xcode 3.2";
			developmentRegion = English;
			hasScannedForEncodings = 0;
			knownRegions = (
				en,
			);
			mainGroup = A6AF22DC1D98B67300B34EFE;
			productRefGroup = A6AF22E61D98B67300B34EFE /* Products */;
			projectDirPath = "";
			projectRoot = "";
			targets = (
				A6AF22E41D98B67300B34EFE /* lab2 */,
			);
		};
/* End PBXProject section */

/* Begin PBXSourcesBuildPhase section */
		A6AF22E11D98B67300B34EFE /* Sources */ = {
			isa = PBXSourcesBuildPhase;
			buildActionMask = 2147483647;
			files = (
				A6AF22E91D98B67300B34EFE /* lc3bsim2.c in Sources */,
			);
			runOnlyForDeploymentPostprocessing = 0;
		};
/* End PBXSourcesBuildPhase section */

/* Begin XCBuildConfiguration section */
		A6AF22EA1D98B67300B34EFE /* Debug */ = {
			isa = XCBuildConfiguration;
			buildSettings = {
				ALWAYS_SEARCH_USER_PATHS = NO;
				CLANG_ANALYZER_NONNULL = YES;
				CLANG_CXX_LANGUAGE_STANDARD = "gnu++0x";
				CLANG_CXX_LIBRARY = "libc++";
				CLANG_ENABLE_MODULES = YES;
				CLANG_ENABLE_OBJC_ARC = YES;
				CLANG_WARN_BOOL_CONVERSION = YES;
				CLANG_WARN_CONSTANT_CONVERSION = YES;
				CLANG_WARN_DIRECT_OBJC_ISA_USAGE = YES_ERROR;
				CLANG_WARN_DOCUMENTATION_COMMENTS = YES;
				CLANG_WARN_EMPTY_BODY = YES;
				CLANG_WARN_ENUM_CONVERSION = YES;
				CLANG_WARN_INFINITE_RECURSION = YES;
				CLANG_WARN_INT_CONVERSION = YES;
				CLANG_WARN_OBJC_ROOT_CLASS = YES_ERROR;
				CLANG_WARN_SUSPICIOUS_MOVES = YES;
				CLANG_WARN_UNREACHABLE_CODE = YES;
				CLANG_WARN__DUPLICATE_METHOD_MATCH = YES;
				CODE_SIGN_IDENTITY = "-";
				COPY_PHASE_STRIP = NO;
				DEBUG_INFORMATION_FORMAT = dwarf;
				ENABLE_STRICT_OBJC_MSGSEND = YES;
				ENABLE_TESTABILITY = YES;
				GCC_C_LANGUAGE_STANDARD = gnu99;
				GCC_DYNAMIC_NO_PIC = NO;
				GCC_NO_COMMON_BLOCKS = YES;
				GCC_OPTIMIZATION_LEVEL = 0;
				GCC_PREPROCESSOR_DEFINITIONS = (
					"DEBUG=1",
					"$(inherited)",
				);
				GCC_WARN_64_TO_32_BIT_CONVERSION = YES;
				GCC_WARN_ABOUT_RETURN_TYPE = YES_ERROR;
				GCC_WARN_UNDECLARED_SELECTOR = YES;
				GCC_WARN_UNINITIALIZED_AUTOS = YES_AGGRESSIVE;
				GCC_WARN_UNUSED_FUNCTION = YES;
				GCC_WARN_UNUSED_VARIABLE = YES;
				MACOSX_DEPLOYMENT_TARGET = 10.11;
				MTL_ENABLE_DEBUG_INFO = YES;
				ONLY_ACTIVE_ARCH = YES;
				SDKROOT = macosx;
			};
			name = Debug;
		};
		A6AF22EB1D98B67300B34EFE /* Release */ = {
			isa = XCBuildConfiguration;
			buildSettings = {
				ALWAYS_SEARCH_USER_PATHS = NO;
				CLANG_ANALYZER_NONNULL = YES;
				CLANG_CXX_LANGUAGE_STANDARD = "gnu++0x";
				CLANG_CXX_LIBRARY = "libc++";
				CLANG_ENABLE_MODULES = YES;
				CLANG_ENABLE_OBJC_ARC = YES;
				CLANG_WARN_BOOL_CONVERSION = YES;
				CLANG_WARN_CONSTANT_CONVERSION = YES;
				CLANG_WARN_DIRECT_OBJC_ISA_USAGE = YES_ERROR;
				CLANG_WARN_DOCUMENTATION_COMMENTS = YES;
				CLANG_WARN_EMPTY_BODY = YES;
				CLANG_WARN_ENUM_CONVERSION = YES;
				CLANG_WARN_INFINITE_RECURSION = YES;
				CLANG_WARN_INT_CONVERSION = YES;
				CLANG_WARN_OBJC_ROOT_CLASS = YES_ERROR;
				CLANG_WARN_SUSPICIOUS_MOVES = YES;
				CLANG_WARN_UNREACHABLE_CODE = YES;
				CLANG_WARN__DUPLICATE_METHOD_MATCH = YES;
				CODE_SIGN_IDENTITY = "-";
				COPY_PHASE_STRIP = NO;
				DEBUG_INFORMATION_FORMAT = "dwarf-with-dsym";
				ENABLE_NS_ASSERTIONS = NO;
				ENABLE_STRICT_OBJC_MSGSEND = YES;
				GCC_C_LANGUAGE_STANDARD = gnu99;
				GCC_NO_COMMON_BLOCKS = YES;
				GCC_WARN_64_TO_32_BIT_CONVERSION = YES;
				GCC_WARN_ABOUT_RETURN_TYPE = YES_ERROR;
				GCC_WARN_UNDECLARED_SELECTOR = YES;
				GCC_WARN_UNINITIALIZED_AUTOS = YES_AGGRESSIVE;
				GCC_WARN_UNUSED_FUNCTION = YES;
				GCC_WARN_UNUSED_VARIABLE = YES;
				MACOSX_DEPLOYMENT_TARGET = 10.11;
				MTL_ENABLE_DEBUG_INFO = NO;
				SDKROOT = macosx;
			};
			name = Release;
		};
		A6AF22ED1D98B67300B34EFE /* Debug */ = {
			isa = XCBuildConfiguration;
			buildSettings = {
				PRODUCT_NAME = "$(TARGET_NAME)";
			};
			name = Debug;
		};
		A6AF22EE1D98B67300B34EFE /* Release */ = {
			isa = XCBuildConfiguration;
			buildSettings = {
				PRODUCT_NAME = "$(TARGET_NAME)";
			};
			name = Release;
		};
/* End XCBuildConfiguration section */

/* Begin XCConfigurationList section */
		A6AF22E01D98B67300B34EFE /* Build configuration list for PBXProject "lab2" */ = {
			isa = XCConfigurationList;
			buildConfigurations = (
				A6AF22EA1D98B67300B34EFE /* Debug */,
				A6AF22EB1D98B67300B34EFE /* Release */,
			);
			defaultConfigurationIsVisible = 0;
			defaultConfigurationName = Release;
		};
		A6AF22EC1D98B67300B34EFE /* Build configuration list for PBXNativeTarget "lab2" */ = {
			isa = XCConfigurationList;
			buildConfigurations = (
				A6AF22ED1D98B67300B34EFE /* Debug */,
				A6AF22EE1D98B67300B34EFE /* Release */,
			);
			defaultConfigurationIsVisible = 0;
			defaultConfigurationName = Release;
		};
/* End XCConfigurationList section */
	};
	rootObject = A6AF22DD1D98B67300B34EFE /* Project object */;
}
